
Microsoft Visual Studio Solution File, Format Version 12.00
# Visual Studio Version 16
VisualStudioVersion = 16.0.29215.179
MinimumVisualStudioVersion = 10.0.40219.1
Project("{FAE04EC0-301F-11D3-BF4B-00C04F79EFBC}") = "Spa_Resort_bali", "Spa_Resort_bali\Spa_Resort_bali.csproj", "{C50F8893-D4D2-4261-BBD7-6F7A659EA978}"
EndProject
Global
	GlobalSection(SolutionConfigurationPlatforms) = preSolution
		Debug|Any CPU = Debug|Any CPU
		Release|Any CPU = Release|Any CPU
	EndGlobalSection
	GlobalSection(ProjectConfigurationPlatforms) = postSolution
		{C50F8893-D4D2-4261-BBD7-6F7A659EA978}.Debug|Any CPU.ActiveCfg = Debug|Any CPU
		{C50F8893-D4D2-4261-BBD7-6F7A659EA978}.Debug|Any CPU.Build.0 = Debug|Any CPU
		{C50F8893-D4D2-4261-BBD7-6F7A659EA978}.Release|Any CPU.ActiveCfg = Release|Any CPU
		{C50F8893-D4D2-4261-BBD7-6F7A659EA978}.Release|Any CPU.Build.0 = Release|Any CPU
	EndGlobalSection
	GlobalSection(SolutionProperties) = preSolution
		HideSolutionNode = FALSE
	EndGlobalSection
	GlobalSection(ExtensibilityGlobals) = postSolution
		SolutionGuid = {E8168301-FBBE-4831-A54B-0B45A0BB73C1}
	EndGlobalSection
EndGlobal
